
Microsoft Visual Studio Solution File, Format Version 12.00
# Visual Studio Version 16
VisualStudioVersion = 16.0.31321.278
MinimumVisualStudioVersion = 10.0.40219.1
Project("{FAE04EC0-301F-11D3-BF4B-00C04F79EFBC}") = "wpf", "wpf\wpf.csproj", "{749E5721-A5DE-4E39-B560-3ED7E91B5899}"
EndProject
Global
	GlobalSection(SolutionConfigurationPlatforms) = preSolution
		Debug|Any CPU = Debug|Any CPU
		Release|Any CPU = Release|Any CPU
	EndGlobalSection
	GlobalSection(ProjectConfigurationPlatforms) = postSolution
		{749E5721-A5DE-4E39-B560-3ED7E91B5899}.Debug|Any CPU.ActiveCfg = Debug|Any CPU
		{749E5721-A5DE-4E39-B560-3ED7E91B5899}.Debug|Any CPU.Build.0 = Debug|Any CPU
		{749E5721-A5DE-4E39-B560-3ED7E91B5899}.Release|Any CPU.ActiveCfg = Release|Any CPU
		{749E5721-A5DE-4E39-B560-3ED7E91B5899}.Release|Any CPU.Build.0 = Release|Any CPU
	EndGlobalSection
	GlobalSection(SolutionProperties) = preSolution
		HideSolutionNode = FALSE
	EndGlobalSection
	GlobalSection(ExtensibilityGlobals) = postSolution
		SolutionGuid = {6F4D8FF8-5546-4C79-9C08-0183E24CF8AF}
	EndGlobalSection
EndGlobal
