
Microsoft Visual Studio Solution File, Format Version 12.00
# Visual Studio Version 16
VisualStudioVersion = 16.0.31321.278
MinimumVisualStudioVersion = 10.0.40219.1
Project("{FAE04EC0-301F-11D3-BF4B-00C04F79EFBC}") = "Calculator", "Calculator\Calculator.csproj", "{B8497AE5-99B9-4A1E-A8F2-E6D5A5988F25}"
EndProject
Global
	GlobalSection(SolutionConfigurationPlatforms) = preSolution
		Debug|Any CPU = Debug|Any CPU
		Release|Any CPU = Release|Any CPU
	EndGlobalSection
	GlobalSection(ProjectConfigurationPlatforms) = postSolution
		{B8497AE5-99B9-4A1E-A8F2-E6D5A5988F25}.Debug|Any CPU.ActiveCfg = Debug|Any CPU
		{B8497AE5-99B9-4A1E-A8F2-E6D5A5988F25}.Debug|Any CPU.Build.0 = Debug|Any CPU
		{B8497AE5-99B9-4A1E-A8F2-E6D5A5988F25}.Release|Any CPU.ActiveCfg = Release|Any CPU
		{B8497AE5-99B9-4A1E-A8F2-E6D5A5988F25}.Release|Any CPU.Build.0 = Release|Any CPU
	EndGlobalSection
	GlobalSection(SolutionProperties) = preSolution
		HideSolutionNode = FALSE
	EndGlobalSection
	GlobalSection(ExtensibilityGlobals) = postSolution
		SolutionGuid = {F9911C4D-AFC1-44FE-A22D-1E42E982B933}
	EndGlobalSection
EndGlobal
